
Microsoft Visual Studio Solution File, Format Version 12.00
# Visual Studio Version 17
VisualStudioVersion = 17.9.34714.143
MinimumVisualStudioVersion = 10.0.40219.1
Project("{FAE04EC0-301F-11D3-BF4B-00C04F79EFBC}") = "ValidadorEmailConsole", "ValidadorEmailConsole.csproj", "{15AEAD62-B071-440E-82C1-699E107112A5}"
EndProject
Project("{FAE04EC0-301F-11D3-BF4B-00C04F79EFBC}") = "ValidadorEmail.Test", "..\ValidadorEmail.Test\ValidadorEmail.Test.csproj", "{AB09EC35-F296-4C00-A795-7F616834A2A9}"
EndProject
Global
	GlobalSection(SolutionConfigurationPlatforms) = preSolution
		Debug|Any CPU = Debug|Any CPU
		Release|Any CPU = Release|Any CPU
	EndGlobalSection
	GlobalSection(ProjectConfigurationPlatforms) = postSolution
		{15AEAD62-B071-440E-82C1-699E107112A5}.Debug|Any CPU.ActiveCfg = Debug|Any CPU
		{15AEAD62-B071-440E-82C1-699E107112A5}.Debug|Any CPU.Build.0 = Debug|Any CPU
		{15AEAD62-B071-440E-82C1-699E107112A5}.Release|Any CPU.ActiveCfg = Release|Any CPU
		{15AEAD62-B071-440E-82C1-699E107112A5}.Release|Any CPU.Build.0 = Release|Any CPU
		{AB09EC35-F296-4C00-A795-7F616834A2A9}.Debug|Any CPU.ActiveCfg = Debug|Any CPU
		{AB09EC35-F296-4C00-A795-7F616834A2A9}.Debug|Any CPU.Build.0 = Debug|Any CPU
		{AB09EC35-F296-4C00-A795-7F616834A2A9}.Release|Any CPU.ActiveCfg = Release|Any CPU
		{AB09EC35-F296-4C00-A795-7F616834A2A9}.Release|Any CPU.Build.0 = Release|Any CPU
	EndGlobalSection
	GlobalSection(SolutionProperties) = preSolution
		HideSolutionNode = FALSE
	EndGlobalSection
	GlobalSection(ExtensibilityGlobals) = postSolution
		SolutionGuid = {0FD6A3FA-D46E-44A6-A3FC-277D955A468E}
	EndGlobalSection
EndGlobal
