
Microsoft Visual Studio Solution File, Format Version 12.00
# Visual Studio Version 17
VisualStudioVersion = 17.9.34714.143
MinimumVisualStudioVersion = 10.0.40219.1
Project("{FAE04EC0-301F-11D3-BF4B-00C04F79EFBC}") = "ControleInventarioConsole", "ControleInventarioConsole.csproj", "{369E5DFB-D085-4CAB-A6C2-9EB02E09FE91}"
EndProject
Project("{FAE04EC0-301F-11D3-BF4B-00C04F79EFBC}") = "ControleInventario.Test", "..\ControleInventario.Test\ControleInventario.Test.csproj", "{2D45776A-4646-4E6F-A289-A565FC01EDD3}"
EndProject
Global
	GlobalSection(SolutionConfigurationPlatforms) = preSolution
		Debug|Any CPU = Debug|Any CPU
		Release|Any CPU = Release|Any CPU
	EndGlobalSection
	GlobalSection(ProjectConfigurationPlatforms) = postSolution
		{369E5DFB-D085-4CAB-A6C2-9EB02E09FE91}.Debug|Any CPU.ActiveCfg = Debug|Any CPU
		{369E5DFB-D085-4CAB-A6C2-9EB02E09FE91}.Debug|Any CPU.Build.0 = Debug|Any CPU
		{369E5DFB-D085-4CAB-A6C2-9EB02E09FE91}.Release|Any CPU.ActiveCfg = Release|Any CPU
		{369E5DFB-D085-4CAB-A6C2-9EB02E09FE91}.Release|Any CPU.Build.0 = Release|Any CPU
		{2D45776A-4646-4E6F-A289-A565FC01EDD3}.Debug|Any CPU.ActiveCfg = Debug|Any CPU
		{2D45776A-4646-4E6F-A289-A565FC01EDD3}.Debug|Any CPU.Build.0 = Debug|Any CPU
		{2D45776A-4646-4E6F-A289-A565FC01EDD3}.Release|Any CPU.ActiveCfg = Release|Any CPU
		{2D45776A-4646-4E6F-A289-A565FC01EDD3}.Release|Any CPU.Build.0 = Release|Any CPU
	EndGlobalSection
	GlobalSection(SolutionProperties) = preSolution
		HideSolutionNode = FALSE
	EndGlobalSection
	GlobalSection(ExtensibilityGlobals) = postSolution
		SolutionGuid = {2738E82B-8DE3-491D-A75D-48C518387F9B}
	EndGlobalSection
EndGlobal
