
Microsoft Visual Studio Solution File, Format Version 12.00
# Visual Studio Version 17
VisualStudioVersion = 17.9.34714.143
MinimumVisualStudioVersion = 10.0.40219.1
Project("{FAE04EC0-301F-11D3-BF4B-00C04F79EFBC}") = "Calculos", "Calculos.csproj", "{8BEC43AD-2A07-4978-8034-9F6C920EE994}"
EndProject
Project("{FAE04EC0-301F-11D3-BF4B-00C04F79EFBC}") = "Calculos.Test", "..\Calculos.Test\Calculos.Test.csproj", "{104C0900-46AC-4B51-B7E0-21DF55330735}"
EndProject
Global
	GlobalSection(SolutionConfigurationPlatforms) = preSolution
		Debug|Any CPU = Debug|Any CPU
		Release|Any CPU = Release|Any CPU
	EndGlobalSection
	GlobalSection(ProjectConfigurationPlatforms) = postSolution
		{8BEC43AD-2A07-4978-8034-9F6C920EE994}.Debug|Any CPU.ActiveCfg = Debug|Any CPU
		{8BEC43AD-2A07-4978-8034-9F6C920EE994}.Debug|Any CPU.Build.0 = Debug|Any CPU
		{8BEC43AD-2A07-4978-8034-9F6C920EE994}.Release|Any CPU.ActiveCfg = Release|Any CPU
		{8BEC43AD-2A07-4978-8034-9F6C920EE994}.Release|Any CPU.Build.0 = Release|Any CPU
		{104C0900-46AC-4B51-B7E0-21DF55330735}.Debug|Any CPU.ActiveCfg = Debug|Any CPU
		{104C0900-46AC-4B51-B7E0-21DF55330735}.Debug|Any CPU.Build.0 = Debug|Any CPU
		{104C0900-46AC-4B51-B7E0-21DF55330735}.Release|Any CPU.ActiveCfg = Release|Any CPU
		{104C0900-46AC-4B51-B7E0-21DF55330735}.Release|Any CPU.Build.0 = Release|Any CPU
	EndGlobalSection
	GlobalSection(SolutionProperties) = preSolution
		HideSolutionNode = FALSE
	EndGlobalSection
	GlobalSection(ExtensibilityGlobals) = postSolution
		SolutionGuid = {FA506E75-6C95-45EE-B92F-2AD708261FF4}
	EndGlobalSection
EndGlobal
